// !$*UTF8*$!
{
	archiveVersion = 1;
	classes = {
	};
	objectVersion = 46;
	objects = {

/* Begin PBXBuildFile section */
		668279F91E9EFD6300BB0598 /* main.m in Sources */ = {isa = PBXBuildFile; fileRef = 668279F81E9EFD6300BB0598 /* main.m */; };
		668279FC1E9EFD6300BB0598 /* AppDelegate.m in Sources */ = {isa = PBXBuildFile; fileRef = 668279FB1E9EFD6300BB0598 /* AppDelegate.m */; };
		668279FF1E9EFD6300BB0598 /* ViewController.m in Sources */ = {isa = PBXBuildFile; fileRef = 668279FE1E9EFD6300BB0598 /* ViewController.m */; };
		66827A021E9EFD6300BB0598 /* Main.storyboard in Resources */ = {isa = PBXBuildFile; fileRef = 66827A001E9EFD6300BB0598 /* Main.storyboard */; };
		66827A041E9EFD6300BB0598 /* Assets.xcassets in Resources */ = {isa = PBXBuildFile; fileRef = 66827A031E9EFD6300BB0598 /* Assets.xcassets */; };
		66827A071E9EFD6300BB0598 /* LaunchScreen.storyboard in Resources */ = {isa = PBXBuildFile; fileRef = 66827A051E9EFD6300BB0598 /* LaunchScreen.storyboard */; };
		EFDE63B81E9FE21A00EA079C /* tableViewController.m in Sources */ = {isa = PBXBuildFile; fileRef = EFDE63B71E9FE21A00EA079C /* tableViewController.m */; };
		EFDE63BB1EA0016000EA079C /* productsClass.m in Sources */ = {isa = PBXBuildFile; fileRef = EFDE63BA1EA0016000EA079C /* productsClass.m */; };
/* End PBXBuildFile section */

/* Begin PBXFileReference section */
		668279F41E9EFD6300BB0598 /* PixieProductsMobileApp.app */ = {isa = PBXFileReference; explicitFileType = wrapper.application; includeInIndex = 0; path = PixieProductsMobileApp.app; sourceTree = BUILT_PRODUCTS_DIR; };
		668279F81E9EFD6300BB0598 /* main.m */ = {isa = PBXFileReference; lastKnownFileType = sourcecode.c.objc; path = main.m; sourceTree = "<group>"; };
		668279FA1E9EFD6300BB0598 /* AppDelegate.h */ = {isa = PBXFileReference; lastKnownFileType = sourcecode.c.h; path = AppDelegate.h; sourceTree = "<group>"; };
		668279FB1E9EFD6300BB0598 /* AppDelegate.m */ = {isa = PBXFileReference; lastKnownFileType = sourcecode.c.objc; path = AppDelegate.m; sourceTree = "<group>"; };
		668279FD1E9EFD6300BB0598 /* ViewController.h */ = {isa = PBXFileReference; lastKnownFileType = sourcecode.c.h; path = ViewController.h; sourceTree = "<group>"; };
		668279FE1E9EFD6300BB0598 /* ViewController.m */ = {isa = PBXFileReference; lastKnownFileType = sourcecode.c.objc; path = ViewController.m; sourceTree = "<group>"; };
		66827A011E9EFD6300BB0598 /* Base */ = {isa = PBXFileReference; lastKnownFileType = file.storyboard; name = Base; path = Base.lproj/Main.storyboard; sourceTree = "<group>"; };
		66827A031E9EFD6300BB0598 /* Assets.xcassets */ = {isa = PBXFileReference; lastKnownFileType = folder.assetcatalog; path = Assets.xcassets; sourceTree = "<group>"; };
		66827A061E9EFD6300BB0598 /* Base */ = {isa = PBXFileReference; lastKnownFileType = file.storyboard; name = Base; path = Base.lproj/LaunchScreen.storyboard; sourceTree = "<group>"; };
		66827A081E9EFD6300BB0598 /* Info.plist */ = {isa = PBXFileReference; lastKnownFileType = text.plist.xml; path = Info.plist; sourceTree = "<group>"; };
		EFDE63B61E9FE21A00EA079C /* tableViewController.h */ = {isa = PBXFileReference; fileEncoding = 4; lastKnownFileType = sourcecode.c.h; path = tableViewController.h; sourceTree = "<group>"; };
		EFDE63B71E9FE21A00EA079C /* tableViewController.m */ = {isa = PBXFileReference; fileEncoding = 4; lastKnownFileType = sourcecode.c.objc; path = tableViewController.m; sourceTree = "<group>"; };
		EFDE63B91EA0016000EA079C /* productsClass.h */ = {isa = PBXFileReference; fileEncoding = 4; lastKnownFileType = sourcecode.c.h; path = productsClass.h; sourceTree = "<group>"; };
		EFDE63BA1EA0016000EA079C /* productsClass.m */ = {isa = PBXFileReference; fileEncoding = 4; lastKnownFileType = sourcecode.c.objc; path = productsClass.m; sourceTree = "<group>"; };
/* End PBXFileReference section */

/* Begin PBXFrameworksBuildPhase section */
		668279F11E9EFD6300BB0598 /* Frameworks */ = {
			isa = PBXFrameworksBuildPhase;
			buildActionMask = 2147483647;
			files = (
			);
			runOnlyForDeploymentPostprocessing = 0;
		};
/* End PBXFrameworksBuildPhase section */

/* Begin PBXGroup section */
		668279EB1E9EFD6300BB0598 = {
			isa = PBXGroup;
			children = (
				668279F61E9EFD6300BB0598 /* PixieProductsMobileApp */,
				668279F51E9EFD6300BB0598 /* Products */,
			);
			sourceTree = "<group>";
		};
		668279F51E9EFD6300BB0598 /* Products */ = {
			isa = PBXGroup;
			children = (
				668279F41E9EFD6300BB0598 /* PixieProductsMobileApp.app */,
			);
			name = Products;
			sourceTree = "<group>";
		};
		668279F61E9EFD6300BB0598 /* PixieProductsMobileApp */ = {
			isa = PBXGroup;
			children = (
				668279FA1E9EFD6300BB0598 /* AppDelegate.h */,
				668279FB1E9EFD6300BB0598 /* AppDelegate.m */,
				668279FD1E9EFD6300BB0598 /* ViewController.h */,
				668279FE1E9EFD6300BB0598 /* ViewController.m */,
				EFDE63B61E9FE21A00EA079C /* tableViewController.h */,
				EFDE63B71E9FE21A00EA079C /* tableViewController.m */,
				EFDE63B91EA0016000EA079C /* productsClass.h */,
				EFDE63BA1EA0016000EA079C /* productsClass.m */,
				66827A001E9EFD6300BB0598 /* Main.storyboard */,
				66827A031E9EFD6300BB0598 /* Assets.xcassets */,
				66827A051E9EFD6300BB0598 /* LaunchScreen.storyboard */,
				66827A081E9EFD6300BB0598 /* Info.plist */,
				668279F71E9EFD6300BB0598 /* Supporting Files */,
			);
			path = PixieProductsMobileApp;
			sourceTree = "<group>";
		};
		668279F71E9EFD6300BB0598 /* Supporting Files */ = {
			isa = PBXGroup;
			children = (
				668279F81E9EFD6300BB0598 /* main.m */,
			);
			name = "Supporting Files";
			sourceTree = "<group>";
		};
/* End PBXGroup section */

/* Begin PBXNativeTarget section */
		668279F31E9EFD6300BB0598 /* PixieProductsMobileApp */ = {
			isa = PBXNativeTarget;
			buildConfigurationList = 66827A0B1E9EFD6300BB0598 /* Build configuration list for PBXNativeTarget "PixieProductsMobileApp" */;
			buildPhases = (
				668279F01E9EFD6300BB0598 /* Sources */,
				668279F11E9EFD6300BB0598 /* Frameworks */,
				668279F21E9EFD6300BB0598 /* Resources */,
			);
			buildRules = (
			);
			dependencies = (
			);
			name = PixieProductsMobileApp;
			productName = PixieProductsMobileApp;
			productReference = 668279F41E9EFD6300BB0598 /* PixieProductsMobileApp.app */;
			productType = "com.apple.product-type.application";
		};
/* End PBXNativeTarget section */

/* Begin PBXProject section */
		668279EC1E9EFD6300BB0598 /* Project object */ = {
			isa = PBXProject;
			attributes = {
				LastUpgradeCheck = 0820;
				ORGANIZATIONNAME = "Kasidi Bellanger";
				TargetAttributes = {
					668279F31E9EFD6300BB0598 = {
						CreatedOnToolsVersion = 8.2.1;
						ProvisioningStyle = Automatic;
					};
				};
			};
			buildConfigurationList = 668279EF1E9EFD6300BB0598 /* Build configuration list for PBXProject "PixieProductsMobileApp" */;
			compatibilityVersion = "Xcode 3.2";
			developmentRegion = English;
			hasScannedForEncodings = 0;
			knownRegions = (
				en,
				Base,
			);
			mainGroup = 668279EB1E9EFD6300BB0598;
			productRefGroup = 668279F51E9EFD6300BB0598 /* Products */;
			projectDirPath = "";
			projectRoot = "";
			targets = (
				668279F31E9EFD6300BB0598 /* PixieProductsMobileApp */,
			);
		};
/* End PBXProject section */

/* Begin PBXResourcesBuildPhase section */
		668279F21E9EFD6300BB0598 /* Resources */ = {
			isa = PBXResourcesBuildPhase;
			buildActionMask = 2147483647;
			files = (
				66827A071E9EFD6300BB0598 /* LaunchScreen.storyboard in Resources */,
				66827A041E9EFD6300BB0598 /* Assets.xcassets in Resources */,
				66827A021E9EFD6300BB0598 /* Main.storyboard in Resources */,
			);
			runOnlyForDeploymentPostprocessing = 0;
		};
/* End PBXResourcesBuildPhase section */

/* Begin PBXSourcesBuildPhase section */
		668279F01E9EFD6300BB0598 /* Sources */ = {
			isa = PBXSourcesBuildPhase;
			buildActionMask = 2147483647;
			files = (
				668279FF1E9EFD6300BB0598 /* ViewController.m in Sources */,
				668279FC1E9EFD6300BB0598 /* AppDelegate.m in Sources */,
				EFDE63BB1EA0016000EA079C /* productsClass.m in Sources */,
				668279F91E9EFD6300BB0598 /* main.m in Sources */,
				EFDE63B81E9FE21A00EA079C /* tableViewController.m in Sources */,
			);
			runOnlyForDeploymentPostprocessing = 0;
		};
/* End PBXSourcesBuildPhase section */

/* Begin PBXVariantGroup section */
		66827A001E9EFD6300BB0598 /* Main.storyboard */ = {
			isa = PBXVariantGroup;
			children = (
				66827A011E9EFD6300BB0598 /* Base */,
			);
			name = Main.storyboard;
			sourceTree = "<group>";
		};
		66827A051E9EFD6300BB0598 /* LaunchScreen.storyboard */ = {
			isa = PBXVariantGroup;
			children = (
				66827A061E9EFD6300BB0598 /* Base */,
			);
			name = LaunchScreen.storyboard;
			sourceTree = "<group>";
		};
/* End PBXVariantGroup section */

/* Begin XCBuildConfiguration section */
		66827A091E9EFD6300BB0598 /* Debug */ = {
			isa = XCBuildConfiguration;
			buildSettings = {
				ALWAYS_SEARCH_USER_PATHS = NO;
				CLANG_ANALYZER_NONNULL = YES;
				CLANG_CXX_LANGUAGE_STANDARD = "gnu++0x";
				CLANG_CXX_LIBRARY = "libc++";
				CLANG_ENABLE_MODULES = YES;
				CLANG_ENABLE_OBJC_ARC = YES;
				CLANG_WARN_BOOL_CONVERSION = YES;
				CLANG_WARN_CONSTANT_CONVERSION = YES;
				CLANG_WARN_DIRECT_OBJC_ISA_USAGE = YES_ERROR;
				CLANG_WARN_DOCUMENTATION_COMMENTS = YES;
				CLANG_WARN_EMPTY_BODY = YES;
				CLANG_WARN_ENUM_CONVERSION = YES;
				CLANG_WARN_INFINITE_RECURSION = YES;
				CLANG_WARN_INT_CONVERSION = YES;
				CLANG_WARN_OBJC_ROOT_CLASS = YES_ERROR;
				CLANG_WARN_SUSPICIOUS_MOVE = YES;
				CLANG_WARN_UNREACHABLE_CODE = YES;
				CLANG_WARN__DUPLICATE_METHOD_MATCH = YES;
				"CODE_SIGN_IDENTITY[sdk=iphoneos*]" = "iPhone Developer";
				COPY_PHASE_STRIP = NO;
				DEBUG_INFORMATION_FORMAT = dwarf;
				ENABLE_STRICT_OBJC_MSGSEND = YES;
				ENABLE_TESTABILITY = YES;
				GCC_C_LANGUAGE_STANDARD = gnu99;
				GCC_DYNAMIC_NO_PIC = NO;
				GCC_NO_COMMON_BLOCKS = YES;
				GCC_OPTIMIZATION_LEVEL = 0;
				GCC_PREPROCESSOR_DEFINITIONS = (
					"DEBUG=1",
					"$(inherited)",
				);
				GCC_WARN_64_TO_32_BIT_CONVERSION = YES;
				GCC_WARN_ABOUT_RETURN_TYPE = YES_ERROR;
				GCC_WARN_UNDECLARED_SELECTOR = YES;
				GCC_WARN_UNINITIALIZED_AUTOS = YES_AGGRESSIVE;
				GCC_WARN_UNUSED_FUNCTION = YES;
				GCC_WARN_UNUSED_VARIABLE = YES;
				IPHONEOS_DEPLOYMENT_TARGET = 10.2;
				MTL_ENABLE_DEBUG_INFO = YES;
				ONLY_ACTIVE_ARCH = YES;
				SDKROOT = iphoneos;
				TARGETED_DEVICE_FAMILY = "1,2";
			};
			name = Debug;
		};
		66827A0A1E9EFD6300BB0598 /* Release */ = {
			isa = XCBuildConfiguration;
			buildSettings = {
				ALWAYS_SEARCH_USER_PATHS = NO;
				CLANG_ANALYZER_NONNULL = YES;
				CLANG_CXX_LANGUAGE_STANDARD = "gnu++0x";
				CLANG_CXX_LIBRARY = "libc++";
				CLANG_ENABLE_MODULES = YES;
				CLANG_ENABLE_OBJC_ARC = YES;
				CLANG_WARN_BOOL_CONVERSION = YES;
				CLANG_WARN_CONSTANT_CONVERSION = YES;
				CLANG_WARN_DIRECT_OBJC_ISA_USAGE = YES_ERROR;
				CLANG_WARN_DOCUMENTATION_COMMENTS = YES;
				CLANG_WARN_EMPTY_BODY = YES;
				CLANG_WARN_ENUM_CONVERSION = YES;
				CLANG_WARN_INFINITE_RECURSION = YES;
				CLANG_WARN_INT_CONVERSION = YES;
				CLANG_WARN_OBJC_ROOT_CLASS = YES_ERROR;
				CLANG_WARN_SUSPICIOUS_MOVE = YES;
				CLANG_WARN_UNREACHABLE_CODE = YES;
				CLANG_WARN__DUPLICATE_METHOD_MATCH = YES;
				"CODE_SIGN_IDENTITY[sdk=iphoneos*]" = "iPhone Developer";
				COPY_PHASE_STRIP = NO;
				DEBUG_INFORMATION_FORMAT = "dwarf-with-dsym";
				ENABLE_NS_ASSERTIONS = NO;
				ENABLE_STRICT_OBJC_MSGSEND = YES;
				GCC_C_LANGUAGE_STANDARD = gnu99;
				GCC_NO_COMMON_BLOCKS = YES;
				GCC_WARN_64_TO_32_BIT_CONVERSION = YES;
				GCC_WARN_ABOUT_RETURN_TYPE = YES_ERROR;
				GCC_WARN_UNDECLARED_SELECTOR = YES;
				GCC_WARN_UNINITIALIZED_AUTOS = YES_AGGRESSIVE;
				GCC_WARN_UNUSED_FUNCTION = YES;
				GCC_WARN_UNUSED_VARIABLE = YES;
				IPHONEOS_DEPLOYMENT_TARGET = 10.2;
				MTL_ENABLE_DEBUG_INFO = NO;
				SDKROOT = iphoneos;
				TARGETED_DEVICE_FAMILY = "1,2";
				VALIDATE_PRODUCT = YES;
			};
			name = Release;
		};
		66827A0C1E9EFD6300BB0598 /* Debug */ = {
			isa = XCBuildConfiguration;
			buildSettings = {
				ASSETCATALOG_COMPILER_APPICON_NAME = AppIcon;
				INFOPLIST_FILE = PixieProductsMobileApp/Info.plist;
				LD_RUNPATH_SEARCH_PATHS = "$(inherited) @executable_path/Frameworks";
				PRODUCT_BUNDLE_IDENTIFIER = com.Codesignit.PixieProductsMobileApp;
				PRODUCT_NAME = "$(TARGET_NAME)";
			};
			name = Debug;
		};
		66827A0D1E9EFD6300BB0598 /* Release */ = {
			isa = XCBuildConfiguration;
			buildSettings = {
				ASSETCATALOG_COMPILER_APPICON_NAME = AppIcon;
				INFOPLIST_FILE = PixieProductsMobileApp/Info.plist;
				LD_RUNPATH_SEARCH_PATHS = "$(inherited) @executable_path/Frameworks";
				PRODUCT_BUNDLE_IDENTIFIER = com.Codesignit.PixieProductsMobileApp;
				PRODUCT_NAME = "$(TARGET_NAME)";
			};
			name = Release;
		};
/* End XCBuildConfiguration section */

/* Begin XCConfigurationList section */
		668279EF1E9EFD6300BB0598 /* Build configuration list for PBXProject "PixieProductsMobileApp" */ = {
			isa = XCConfigurationList;
			buildConfigurations = (
				66827A091E9EFD6300BB0598 /* Debug */,
				66827A0A1E9EFD6300BB0598 /* Release */,
			);
			defaultConfigurationIsVisible = 0;
			defaultConfigurationName = Release;
		};
		66827A0B1E9EFD6300BB0598 /* Build configuration list for PBXNativeTarget "PixieProductsMobileApp" */ = {
			isa = XCConfigurationList;
			buildConfigurations = (
				66827A0C1E9EFD6300BB0598 /* Debug */,
				66827A0D1E9EFD6300BB0598 /* Release */,
			);
			defaultConfigurationIsVisible = 0;
			defaultConfigurationName = Release;
		};
/* End XCConfigurationList section */
	};
	rootObject = 668279EC1E9EFD6300BB0598 /* Project object */;
}
